
Microsoft Visual Studio Solution File, Format Version 12.00
# Visual Studio Version 17
VisualStudioVersion = 17.11.35312.102
MinimumVisualStudioVersion = 10.0.40219.1
Project("{FAE04EC0-301F-11D3-BF4B-00C04F79EFBC}") = "PlatformService", "PlatformService.csproj", "{5D601010-5C20-450C-A4E9-A129A6892508}"
EndProject
Global
	GlobalSection(SolutionConfigurationPlatforms) = preSolution
		Debug|Any CPU = Debug|Any CPU
		Release|Any CPU = Release|Any CPU
	EndGlobalSection
	GlobalSection(ProjectConfigurationPlatforms) = postSolution
		{5D601010-5C20-450C-A4E9-A129A6892508}.Debug|Any CPU.ActiveCfg = Debug|Any CPU
		{5D601010-5C20-450C-A4E9-A129A6892508}.Debug|Any CPU.Build.0 = Debug|Any CPU
		{5D601010-5C20-450C-A4E9-A129A6892508}.Release|Any CPU.ActiveCfg = Release|Any CPU
		{5D601010-5C20-450C-A4E9-A129A6892508}.Release|Any CPU.Build.0 = Release|Any CPU
	EndGlobalSection
	GlobalSection(SolutionProperties) = preSolution
		HideSolutionNode = FALSE
	EndGlobalSection
	GlobalSection(ExtensibilityGlobals) = postSolution
		SolutionGuid = {8FB55ADA-511F-415C-A047-B4C27417135C}
	EndGlobalSection
EndGlobal
